{
  "requires": true,
  "lockfileVersion": 1,
  "dependencies": {
    "vue-tweet-embed": {
      "version": "2.4.0",
      "resolved": "https://registry.npmjs.org/vue-tweet-embed/-/vue-tweet-embed-2.4.0.tgz",
      "integrity": "sha512-bjViatv0priR1dTEPJpRyWigWGUTUC28VT/sWTaZE+RBWuj/XZvOU5Hzk+O8Mue2dBCAHJrRpoO1VKlcgmHohg=="
    }
  }
}
